
Microsoft Visual Studio Solution File, Format Version 12.00
# Visual Studio Version 17
VisualStudioVersion = 17.8.34330.188
MinimumVisualStudioVersion = 10.0.40219.1
Project("{8BC9CEB8-8B4A-11D0-8D11-00A0C91BC942}") = "1-Classes", "1-Classes\1-Classes.vcxproj", "{F5E8AE72-1EAD-4F3A-BBF9-5977B2ED63CA}"
EndProject
Project("{8BC9CEB8-8B4A-11D0-8D11-00A0C91BC942}") = "2-Operator Overloadings", "2-Operator Overloadings\2-Operator Overloadings.vcxproj", "{0F30AE9C-822E-4CFF-ADF8-EA41C4829FFE}"
EndProject
Project("{8BC9CEB8-8B4A-11D0-8D11-00A0C91BC942}") = "3-Operator Overloading Comparison", "3-Operator Overloading Comparison\3-Operator Overloading Comparison.vcxproj", "{A1C5C067-EA14-4FCA-9519-19ADE18DFFA6}"
EndProject
Project("{8BC9CEB8-8B4A-11D0-8D11-00A0C91BC942}") = "4-Operator Overloading Spaceship", "4-Operator Overloading Spaceship\4-Operator Overloading Spaceship.vcxproj", "{CF14EFEE-47A1-4F5B-AF6D-66280A00F699}"
EndProject
Project("{8BC9CEB8-8B4A-11D0-8D11-00A0C91BC942}") = "5-Arithmatic Operator Overloading", "5-Arithmatic Operator Overloading\5-Arithmatic Operator Overloading.vcxproj", "{CD316C52-F8B0-430B-9CDD-7E443F6AA567}"
EndProject
Project("{8BC9CEB8-8B4A-11D0-8D11-00A0C91BC942}") = "6-Assignment Operator Overloading", "6-Assignment Operator Overloading\6-Assignment Operator Overloading.vcxproj", "{57E85B7D-99E4-4231-8E52-3483EB542F74}"
EndProject
Project("{8BC9CEB8-8B4A-11D0-8D11-00A0C91BC942}") = "7-Compound Assignment Operators", "7-Compound Assignment Operators\7-Compound Assignment Operators.vcxproj", "{A7BB2A9D-616F-4CFF-BB8F-43234B539D2A}"
EndProject
Project("{8BC9CEB8-8B4A-11D0-8D11-00A0C91BC942}") = "8-Unary Operator Overloading", "8-Unary Operator Overloading\8-Unary Operator Overloading.vcxproj", "{ED404113-4ADD-427C-A49E-7365DB0D08B9}"
EndProject
Project("{8BC9CEB8-8B4A-11D0-8D11-00A0C91BC942}") = "9-Stream Insertion Operator", "9-Stream Insertion Operator\9-Stream Insertion Operator.vcxproj", "{E6C72279-8266-42C5-A048-D55FE84B148F}"
EndProject
Project("{8BC9CEB8-8B4A-11D0-8D11-00A0C91BC942}") = "10-Stream  Extraction Operator", "10-Stream  Extraction Operator\10-Stream  Extraction Operator.vcxproj", "{EEA9D2A7-55ED-40F5-8DB6-2469633740A3}"
EndProject
Project("{8BC9CEB8-8B4A-11D0-8D11-00A0C91BC942}") = "11-Subscript Operator", "11-Subscript Operator\11-Subscript Operator.vcxproj", "{EE7D2EC6-49E9-45C5-AA78-65AB9CC991D4}"
EndProject
Project("{8BC9CEB8-8B4A-11D0-8D11-00A0C91BC942}") = "12-Type Conversion Operator", "12-Type Conversion Operator\12-Type Conversion Operator.vcxproj", "{20B89B4B-19CA-4BF2-A67A-410063C31506}"
EndProject
Project("{8BC9CEB8-8B4A-11D0-8D11-00A0C91BC942}") = "13-Pointer", "13-Pointer\13-Pointer.vcxproj", "{C4C716FE-1188-48BE-A20D-04EF7BF5615E}"
EndProject
Project("{8BC9CEB8-8B4A-11D0-8D11-00A0C91BC942}") = "14-Pointer Constant", "14-Pointer Constant\14-Pointer Constant.vcxproj", "{453DF790-591A-4B19-92A8-1A7317CED9A9}"
EndProject
Project("{8BC9CEB8-8B4A-11D0-8D11-00A0C91BC942}") = "15-Pointer  Function", "15-Pointer  Function\15-Pointer  Function.vcxproj", "{480C634A-2C50-4474-AC2E-5E7B50EB1E3C}"
EndProject
Project("{8BC9CEB8-8B4A-11D0-8D11-00A0C91BC942}") = "16-Pointer with Array", "16-Pointer with Array\16-Pointer with Array.vcxproj", "{BC4435BD-F8EB-4E6A-833A-BB3B13258DDF}"
EndProject
Project("{8BC9CEB8-8B4A-11D0-8D11-00A0C91BC942}") = "17-Pointer Arithmetic", "17-Pointer Arithmetic\17-Pointer Arithmetic.vcxproj", "{5590643E-50E0-4058-9F2E-E2FDA6DA6AF0}"
EndProject
Project("{8BC9CEB8-8B4A-11D0-8D11-00A0C91BC942}") = "18-Dynamic Memory Allocation", "18-Dynamic Memory Allocation\18-Dynamic Memory Allocation.vcxproj", "{8731FA41-79FD-4734-B2A9-97289427FC49}"
EndProject
Project("{8BC9CEB8-8B4A-11D0-8D11-00A0C91BC942}") = "19-SmartPointer", "19-SmartPointer\19-SmartPointer.vcxproj", "{B2CA2D28-0827-4447-BD4F-1C8FED2D0C22}"
EndProject
Project("{8BC9CEB8-8B4A-11D0-8D11-00A0C91BC942}") = "20-Share Pointer", "20-Share Pointer\20-Share Pointer.vcxproj", "{53FFC77C-09BE-40AC-B593-8A9A977DB39D}"
EndProject
Project("{8BC9CEB8-8B4A-11D0-8D11-00A0C91BC942}") = "21 DemoTemplateClass", "21 DemoTemplateClass\21 DemoTemplateClass.vcxproj", "{CE68D54A-8975-4927-A64E-C0E772C1454C}"
EndProject
Project("{8BC9CEB8-8B4A-11D0-8D11-00A0C91BC942}") = "22 DemoTemplateList", "22 DemoTemplateList\22 DemoTemplateList.vcxproj", "{0152C046-53BD-498F-88CE-4E9F7186B239}"
EndProject
Project("{8BC9CEB8-8B4A-11D0-8D11-00A0C91BC942}") = "23 TemplateKeyValuePair", "23 TemplateKeyValuePair\23 TemplateKeyValuePair.vcxproj", "{B26C02B7-DC0C-4F02-B677-410D6DF451AC}"
EndProject
Project("{8BC9CEB8-8B4A-11D0-8D11-00A0C91BC942}") = "24 TemplateDictionary", "24 TemplateDictionary\24 TemplateDictionary.vcxproj", "{7104C4A1-DF2B-4C79-995E-2D81E38C57BC}"
EndProject
Project("{8BC9CEB8-8B4A-11D0-8D11-00A0C91BC942}") = "25 Stack", "25 Stack\25 Stack.vcxproj", "{C844695A-1533-4667-A053-1AA166D840F2}"
EndProject
Project("{8BC9CEB8-8B4A-11D0-8D11-00A0C91BC942}") = "26 Queue", "26 Queue\26 Queue.vcxproj", "{875DAE0D-A3BD-4660-AC78-459FED280C17}"
EndProject
Project("{8BC9CEB8-8B4A-11D0-8D11-00A0C91BC942}") = "27 List", "27 List\27 List.vcxproj", "{63AD0C66-65CF-4313-9DC0-4B1CEE59F08C}"
EndProject
Project("{8BC9CEB8-8B4A-11D0-8D11-00A0C91BC942}") = "28 Singly Linked List", "28 Singly Linked List\28 Singly Linked List.vcxproj", "{DE422D7E-42F4-4A60-B66D-1FFB66D4EB1D}"
EndProject
Project("{8BC9CEB8-8B4A-11D0-8D11-00A0C91BC942}") = "29 Doubly Linked List", "29 Doubly Linked List\29 Doubly Linked List.vcxproj", "{2356CDB2-4511-4EA8-B05F-4DF39CC13C33}"
EndProject
Project("{8BC9CEB8-8B4A-11D0-8D11-00A0C91BC942}") = "30 Tree", "30 Tree\30 Tree.vcxproj", "{FD0BD997-7DFE-4BA2-8DA4-22137B9D51D9}"
EndProject
Project("{8BC9CEB8-8B4A-11D0-8D11-00A0C91BC942}") = "31 NestedClass", "31 NestedClass\31 NestedClass.vcxproj", "{3A4CDB6B-2FAF-4330-97C9-D2B5E0E3D8FC}"
EndProject
Project("{8BC9CEB8-8B4A-11D0-8D11-00A0C91BC942}") = "32 Aggregation", "32 Aggregation\32 Aggregation.vcxproj", "{F9086563-3747-4A73-BD80-614AC66BE780}"
EndProject
Project("{8BC9CEB8-8B4A-11D0-8D11-00A0C91BC942}") = "33 Composition", "33 Composition\33 Composition.vcxproj", "{8A55B8D3-C063-409D-B643-35D195D7A3A8}"
EndProject
Project("{8BC9CEB8-8B4A-11D0-8D11-00A0C91BC942}") = "34 SingleInheritance", "34 SingleInheritance\34 SingleInheritance.vcxproj", "{C002F72F-D9CD-432C-9F0A-3999C50BE40B}"
EndProject
Project("{8BC9CEB8-8B4A-11D0-8D11-00A0C91BC942}") = "35 MultipleInheritance", "35 MultipleInheritance\35 MultipleInheritance.vcxproj", "{4471C00D-AFE2-4243-A785-87951FE78E2C}"
EndProject
Project("{8BC9CEB8-8B4A-11D0-8D11-00A0C91BC942}") = "36 MultilevelInheritance", "36 MultilevelInheritance\36 MultilevelInheritance.vcxproj", "{13B8D23F-9800-43DD-BD30-B3802AAB3027}"
EndProject
Project("{8BC9CEB8-8B4A-11D0-8D11-00A0C91BC942}") = "37 HierarchicalInheritance", "37 HierarchicalInheritance\37 HierarchicalInheritance.vcxproj", "{3B1D2067-568F-4FDB-9029-1F34468184CC}"
EndProject
Project("{8BC9CEB8-8B4A-11D0-8D11-00A0C91BC942}") = "38 HybridInheritance", "38 HybridInheritance\38 HybridInheritance.vcxproj", "{5B23099B-1BDE-4EB3-B32F-AB8FE2CE7337}"
EndProject
Project("{8BC9CEB8-8B4A-11D0-8D11-00A0C91BC942}") = "39 Virtual Function", "39 Virtual Function\39 Virtual Function.vcxproj", "{6B404076-1E9A-4A55-A77B-ED258724BB4A}"
EndProject
Project("{8BC9CEB8-8B4A-11D0-8D11-00A0C91BC942}") = "40 AbstractClass", "30 AbstractClass\30 AbstractClass.vcxproj", "{7E52524B-CD1A-4F26-9705-A6AEAA32205C}"
EndProject
Project("{8BC9CEB8-8B4A-11D0-8D11-00A0C91BC942}") = "41 Interface", "41 Interface\41 Interface.vcxproj", "{5552F183-BFA2-4B57-9B61-6904CC7947BC}"
EndProject
Project("{8BC9CEB8-8B4A-11D0-8D11-00A0C91BC942}") = "42 Exception", "42 Exception\42 Exception.vcxproj", "{7CCDE6B8-890A-4C82-8B99-F178EE8058E3}"
EndProject
Project("{8BC9CEB8-8B4A-11D0-8D11-00A0C91BC942}") = "43 CustomException", "43 CustomException\43 CustomException.vcxproj", "{D848BB0A-8DF9-4B0A-8CBB-893C7F7AFFA3}"
EndProject
Project("{8BC9CEB8-8B4A-11D0-8D11-00A0C91BC942}") = "44 ExceptionMultilevel", "44 ExceptionMultilevel\44 ExceptionMultilevel.vcxproj", "{836763BD-8373-4361-A201-E2927FA6800E}"
EndProject
Project("{8BC9CEB8-8B4A-11D0-8D11-00A0C91BC942}") = "45 Namespace", "45 Namespace\45 Namespace.vcxproj", "{BE0AC87F-E00D-4F4A-9760-67A4292ECB30}"
EndProject
Project("{8BC9CEB8-8B4A-11D0-8D11-00A0C91BC942}") = "46 NestedNamespace", "46 NestedNamespace\46 NestedNamespace.vcxproj", "{34D31B21-BCDF-4C4A-A2A8-AFC3E86251AF}"
EndProject
Project("{8BC9CEB8-8B4A-11D0-8D11-00A0C91BC942}") = "47 Typeid Coversion", "47 Typeid Coversion\47 Typeid Coversion.vcxproj", "{0D3E6263-C4F7-4CAB-AE3E-BB1677F6A44D}"
EndProject
Project("{8BC9CEB8-8B4A-11D0-8D11-00A0C91BC942}") = "48 DynamicCast", "48 DynamicCast\48 DynamicCast.vcxproj", "{5763BCD9-FD54-4B77-BFB3-A7D2388167B6}"
EndProject
Project("{8BC9CEB8-8B4A-11D0-8D11-00A0C91BC942}") = "49 StaticCast", "49 StaticCast\49 StaticCast.vcxproj", "{5D4CB971-1881-4833-AC96-BF79A0F91C65}"
EndProject
Project("{8BC9CEB8-8B4A-11D0-8D11-00A0C91BC942}") = "50 ReintereptCast", "50 ReintereptCast\50 ReintereptCast.vcxproj", "{342987A7-F2D4-45DB-9D42-111208140327}"
EndProject
Project("{8BC9CEB8-8B4A-11D0-8D11-00A0C91BC942}") = "51 ConstCast", "51 ConstCast\51 ConstCast.vcxproj", "{DE332E21-C922-488F-9864-0D0E86EFE168}"
EndProject
Project("{8BC9CEB8-8B4A-11D0-8D11-00A0C91BC942}") = "52 WriteFileStream", "52 OStream\52 OStream.vcxproj", "{70B38812-070E-4C30-8FF7-C7425E69EC19}"
EndProject
Project("{8BC9CEB8-8B4A-11D0-8D11-00A0C91BC942}") = "53 ReadFileStream", "53 ReadFileStream\53 ReadFileStream.vcxproj", "{6E19C0BD-E3BA-43D1-BE5A-44452AB76D6E}"
EndProject
Project("{8BC9CEB8-8B4A-11D0-8D11-00A0C91BC942}") = "54 WriteBinaryFileS", "54 WriteBinaryFileS\54 WriteBinaryFileS.vcxproj", "{5C28E6D7-18B7-4440-B20A-DDF62CD5167C}"
EndProject
Project("{8BC9CEB8-8B4A-11D0-8D11-00A0C91BC942}") = "55 ReadBinaryFile", "55 ReadBinaryFile\55 ReadBinaryFile.vcxproj", "{068E254B-50B8-4689-94C1-D2243E3C9A32}"
EndProject
Project("{8BC9CEB8-8B4A-11D0-8D11-00A0C91BC942}") = "56 FStream", "56 FStream\56 FStream.vcxproj", "{5E1CC178-8C90-4A12-BC0B-8434391C0857}"
EndProject
Project("{8BC9CEB8-8B4A-11D0-8D11-00A0C91BC942}") = "57 WriteObjectToFile", "57 WriteObjectToFile\57 WriteObjectToFile.vcxproj", "{F2FB98CB-723A-4A08-AE94-237D3E2C0355}"
EndProject
Project("{8BC9CEB8-8B4A-11D0-8D11-00A0C91BC942}") = "58 ReadObjectFromFile", "58 ReadObjectFromFile\58 ReadObjectFromFile.vcxproj", "{BBC8E39F-7BB8-458A-8F38-BEFE6CA03D36}"
EndProject
Project("{8BC9CEB8-8B4A-11D0-8D11-00A0C91BC942}") = "59 IOListObjecWithFile", "59 IOListObjecWithFile\59 IOListObjecWithFile.vcxproj", "{EC1D587B-176A-4EDC-9F9D-1886F4001D89}"
EndProject
Project("{8BC9CEB8-8B4A-11D0-8D11-00A0C91BC942}") = "60  FStreamCollectionObject", "60  FStreamCollectionObject\60  FStreamCollectionObject.vcxproj", "{85A1FA75-2CC3-4C78-A6C2-4888854F6207}"
EndProject
Project("{8BC9CEB8-8B4A-11D0-8D11-00A0C91BC942}") = "61 FStreamJson", "61 FStreamJson\61 FStreamJson.vcxproj", "{81D58824-26B5-45A8-9CF8-4EA3EBB50E29}"
EndProject
Project("{8BC9CEB8-8B4A-11D0-8D11-00A0C91BC942}") = "62 DemoDirectoryAndFile", "62 DemoDirectoryAndFile\62 DemoDirectoryAndFile.vcxproj", "{3DB947BF-BF88-4728-A95E-C2AA6C9E579C}"
EndProject
Project("{8BC9CEB8-8B4A-11D0-8D11-00A0C91BC942}") = "63 Smart Pointer", "63 Smart Pointer\63 Smart Pointer.vcxproj", "{1C228D2D-4321-48C3-9C20-64AEF458B709}"
EndProject
Project("{8BC9CEB8-8B4A-11D0-8D11-00A0C91BC942}") = "64 StandardTemplateLibrary", "64 StandardTemplateLibrary\64 StandardTemplateLibrary.vcxproj", "{723AB8D5-77EC-49B2-B62E-4D2B5A108B9D}"
EndProject
Project("{8BC9CEB8-8B4A-11D0-8D11-00A0C91BC942}") = "65 LamdaFunction", "65 LamdaFunction\65 LamdaFunction.vcxproj", "{F729213C-4541-46CF-8AE0-2359C24DAEA2}"
EndProject
Global
	GlobalSection(SolutionConfigurationPlatforms) = preSolution
		Debug|x64 = Debug|x64
		Debug|x86 = Debug|x86
		Release|x64 = Release|x64
		Release|x86 = Release|x86
	EndGlobalSection
	GlobalSection(ProjectConfigurationPlatforms) = postSolution
		{F5E8AE72-1EAD-4F3A-BBF9-5977B2ED63CA}.Debug|x64.ActiveCfg = Debug|x64
		{F5E8AE72-1EAD-4F3A-BBF9-5977B2ED63CA}.Debug|x64.Build.0 = Debug|x64
		{F5E8AE72-1EAD-4F3A-BBF9-5977B2ED63CA}.Debug|x86.ActiveCfg = Debug|Win32
		{F5E8AE72-1EAD-4F3A-BBF9-5977B2ED63CA}.Debug|x86.Build.0 = Debug|Win32
		{F5E8AE72-1EAD-4F3A-BBF9-5977B2ED63CA}.Release|x64.ActiveCfg = Release|x64
		{F5E8AE72-1EAD-4F3A-BBF9-5977B2ED63CA}.Release|x64.Build.0 = Release|x64
		{F5E8AE72-1EAD-4F3A-BBF9-5977B2ED63CA}.Release|x86.ActiveCfg = Release|Win32
		{F5E8AE72-1EAD-4F3A-BBF9-5977B2ED63CA}.Release|x86.Build.0 = Release|Win32
		{0F30AE9C-822E-4CFF-ADF8-EA41C4829FFE}.Debug|x64.ActiveCfg = Debug|x64
		{0F30AE9C-822E-4CFF-ADF8-EA41C4829FFE}.Debug|x64.Build.0 = Debug|x64
		{0F30AE9C-822E-4CFF-ADF8-EA41C4829FFE}.Debug|x86.ActiveCfg = Debug|Win32
		{0F30AE9C-822E-4CFF-ADF8-EA41C4829FFE}.Debug|x86.Build.0 = Debug|Win32
		{0F30AE9C-822E-4CFF-ADF8-EA41C4829FFE}.Release|x64.ActiveCfg = Release|x64
		{0F30AE9C-822E-4CFF-ADF8-EA41C4829FFE}.Release|x64.Build.0 = Release|x64
		{0F30AE9C-822E-4CFF-ADF8-EA41C4829FFE}.Release|x86.ActiveCfg = Release|Win32
		{0F30AE9C-822E-4CFF-ADF8-EA41C4829FFE}.Release|x86.Build.0 = Release|Win32
		{A1C5C067-EA14-4FCA-9519-19ADE18DFFA6}.Debug|x64.ActiveCfg = Debug|x64
		{A1C5C067-EA14-4FCA-9519-19ADE18DFFA6}.Debug|x64.Build.0 = Debug|x64
		{A1C5C067-EA14-4FCA-9519-19ADE18DFFA6}.Debug|x86.ActiveCfg = Debug|Win32
		{A1C5C067-EA14-4FCA-9519-19ADE18DFFA6}.Debug|x86.Build.0 = Debug|Win32
		{A1C5C067-EA14-4FCA-9519-19ADE18DFFA6}.Release|x64.ActiveCfg = Release|x64
		{A1C5C067-EA14-4FCA-9519-19ADE18DFFA6}.Release|x64.Build.0 = Release|x64
		{A1C5C067-EA14-4FCA-9519-19ADE18DFFA6}.Release|x86.ActiveCfg = Release|Win32
		{A1C5C067-EA14-4FCA-9519-19ADE18DFFA6}.Release|x86.Build.0 = Release|Win32
		{CF14EFEE-47A1-4F5B-AF6D-66280A00F699}.Debug|x64.ActiveCfg = Debug|x64
		{CF14EFEE-47A1-4F5B-AF6D-66280A00F699}.Debug|x64.Build.0 = Debug|x64
		{CF14EFEE-47A1-4F5B-AF6D-66280A00F699}.Debug|x86.ActiveCfg = Debug|Win32
		{CF14EFEE-47A1-4F5B-AF6D-66280A00F699}.Debug|x86.Build.0 = Debug|Win32
		{CF14EFEE-47A1-4F5B-AF6D-66280A00F699}.Release|x64.ActiveCfg = Release|x64
		{CF14EFEE-47A1-4F5B-AF6D-66280A00F699}.Release|x64.Build.0 = Release|x64
		{CF14EFEE-47A1-4F5B-AF6D-66280A00F699}.Release|x86.ActiveCfg = Release|Win32
		{CF14EFEE-47A1-4F5B-AF6D-66280A00F699}.Release|x86.Build.0 = Release|Win32
		{CD316C52-F8B0-430B-9CDD-7E443F6AA567}.Debug|x64.ActiveCfg = Debug|x64
		{CD316C52-F8B0-430B-9CDD-7E443F6AA567}.Debug|x64.Build.0 = Debug|x64
		{CD316C52-F8B0-430B-9CDD-7E443F6AA567}.Debug|x86.ActiveCfg = Debug|Win32
		{CD316C52-F8B0-430B-9CDD-7E443F6AA567}.Debug|x86.Build.0 = Debug|Win32
		{CD316C52-F8B0-430B-9CDD-7E443F6AA567}.Release|x64.ActiveCfg = Release|x64
		{CD316C52-F8B0-430B-9CDD-7E443F6AA567}.Release|x64.Build.0 = Release|x64
		{CD316C52-F8B0-430B-9CDD-7E443F6AA567}.Release|x86.ActiveCfg = Release|Win32
		{CD316C52-F8B0-430B-9CDD-7E443F6AA567}.Release|x86.Build.0 = Release|Win32
		{57E85B7D-99E4-4231-8E52-3483EB542F74}.Debug|x64.ActiveCfg = Debug|x64
		{57E85B7D-99E4-4231-8E52-3483EB542F74}.Debug|x64.Build.0 = Debug|x64
		{57E85B7D-99E4-4231-8E52-3483EB542F74}.Debug|x86.ActiveCfg = Debug|Win32
		{57E85B7D-99E4-4231-8E52-3483EB542F74}.Debug|x86.Build.0 = Debug|Win32
		{57E85B7D-99E4-4231-8E52-3483EB542F74}.Release|x64.ActiveCfg = Release|x64
		{57E85B7D-99E4-4231-8E52-3483EB542F74}.Release|x64.Build.0 = Release|x64
		{57E85B7D-99E4-4231-8E52-3483EB542F74}.Release|x86.ActiveCfg = Release|Win32
		{57E85B7D-99E4-4231-8E52-3483EB542F74}.Release|x86.Build.0 = Release|Win32
		{A7BB2A9D-616F-4CFF-BB8F-43234B539D2A}.Debug|x64.ActiveCfg = Debug|x64
		{A7BB2A9D-616F-4CFF-BB8F-43234B539D2A}.Debug|x64.Build.0 = Debug|x64
		{A7BB2A9D-616F-4CFF-BB8F-43234B539D2A}.Debug|x86.ActiveCfg = Debug|Win32
		{A7BB2A9D-616F-4CFF-BB8F-43234B539D2A}.Debug|x86.Build.0 = Debug|Win32
		{A7BB2A9D-616F-4CFF-BB8F-43234B539D2A}.Release|x64.ActiveCfg = Release|x64
		{A7BB2A9D-616F-4CFF-BB8F-43234B539D2A}.Release|x64.Build.0 = Release|x64
		{A7BB2A9D-616F-4CFF-BB8F-43234B539D2A}.Release|x86.ActiveCfg = Release|Win32
		{A7BB2A9D-616F-4CFF-BB8F-43234B539D2A}.Release|x86.Build.0 = Release|Win32
		{ED404113-4ADD-427C-A49E-7365DB0D08B9}.Debug|x64.ActiveCfg = Debug|x64
		{ED404113-4ADD-427C-A49E-7365DB0D08B9}.Debug|x64.Build.0 = Debug|x64
		{ED404113-4ADD-427C-A49E-7365DB0D08B9}.Debug|x86.ActiveCfg = Debug|Win32
		{ED404113-4ADD-427C-A49E-7365DB0D08B9}.Debug|x86.Build.0 = Debug|Win32
		{ED404113-4ADD-427C-A49E-7365DB0D08B9}.Release|x64.ActiveCfg = Release|x64
		{ED404113-4ADD-427C-A49E-7365DB0D08B9}.Release|x64.Build.0 = Release|x64
		{ED404113-4ADD-427C-A49E-7365DB0D08B9}.Release|x86.ActiveCfg = Release|Win32
		{ED404113-4ADD-427C-A49E-7365DB0D08B9}.Release|x86.Build.0 = Release|Win32
		{E6C72279-8266-42C5-A048-D55FE84B148F}.Debug|x64.ActiveCfg = Debug|x64
		{E6C72279-8266-42C5-A048-D55FE84B148F}.Debug|x64.Build.0 = Debug|x64
		{E6C72279-8266-42C5-A048-D55FE84B148F}.Debug|x86.ActiveCfg = Debug|Win32
		{E6C72279-8266-42C5-A048-D55FE84B148F}.Debug|x86.Build.0 = Debug|Win32
		{E6C72279-8266-42C5-A048-D55FE84B148F}.Release|x64.ActiveCfg = Release|x64
		{E6C72279-8266-42C5-A048-D55FE84B148F}.Release|x64.Build.0 = Release|x64
		{E6C72279-8266-42C5-A048-D55FE84B148F}.Release|x86.ActiveCfg = Release|Win32
		{E6C72279-8266-42C5-A048-D55FE84B148F}.Release|x86.Build.0 = Release|Win32
		{EEA9D2A7-55ED-40F5-8DB6-2469633740A3}.Debug|x64.ActiveCfg = Debug|x64
		{EEA9D2A7-55ED-40F5-8DB6-2469633740A3}.Debug|x64.Build.0 = Debug|x64
		{EEA9D2A7-55ED-40F5-8DB6-2469633740A3}.Debug|x86.ActiveCfg = Debug|Win32
		{EEA9D2A7-55ED-40F5-8DB6-2469633740A3}.Debug|x86.Build.0 = Debug|Win32
		{EEA9D2A7-55ED-40F5-8DB6-2469633740A3}.Release|x64.ActiveCfg = Release|x64
		{EEA9D2A7-55ED-40F5-8DB6-2469633740A3}.Release|x64.Build.0 = Release|x64
		{EEA9D2A7-55ED-40F5-8DB6-2469633740A3}.Release|x86.ActiveCfg = Release|Win32
		{EEA9D2A7-55ED-40F5-8DB6-2469633740A3}.Release|x86.Build.0 = Release|Win32
		{EE7D2EC6-49E9-45C5-AA78-65AB9CC991D4}.Debug|x64.ActiveCfg = Debug|x64
		{EE7D2EC6-49E9-45C5-AA78-65AB9CC991D4}.Debug|x64.Build.0 = Debug|x64
		{EE7D2EC6-49E9-45C5-AA78-65AB9CC991D4}.Debug|x86.ActiveCfg = Debug|Win32
		{EE7D2EC6-49E9-45C5-AA78-65AB9CC991D4}.Debug|x86.Build.0 = Debug|Win32
		{EE7D2EC6-49E9-45C5-AA78-65AB9CC991D4}.Release|x64.ActiveCfg = Release|x64
		{EE7D2EC6-49E9-45C5-AA78-65AB9CC991D4}.Release|x64.Build.0 = Release|x64
		{EE7D2EC6-49E9-45C5-AA78-65AB9CC991D4}.Release|x86.ActiveCfg = Release|Win32
		{EE7D2EC6-49E9-45C5-AA78-65AB9CC991D4}.Release|x86.Build.0 = Release|Win32
		{20B89B4B-19CA-4BF2-A67A-410063C31506}.Debug|x64.ActiveCfg = Debug|x64
		{20B89B4B-19CA-4BF2-A67A-410063C31506}.Debug|x64.Build.0 = Debug|x64
		{20B89B4B-19CA-4BF2-A67A-410063C31506}.Debug|x86.ActiveCfg = Debug|Win32
		{20B89B4B-19CA-4BF2-A67A-410063C31506}.Debug|x86.Build.0 = Debug|Win32
		{20B89B4B-19CA-4BF2-A67A-410063C31506}.Release|x64.ActiveCfg = Release|x64
		{20B89B4B-19CA-4BF2-A67A-410063C31506}.Release|x64.Build.0 = Release|x64
		{20B89B4B-19CA-4BF2-A67A-410063C31506}.Release|x86.ActiveCfg = Release|Win32
		{20B89B4B-19CA-4BF2-A67A-410063C31506}.Release|x86.Build.0 = Release|Win32
		{C4C716FE-1188-48BE-A20D-04EF7BF5615E}.Debug|x64.ActiveCfg = Debug|x64
		{C4C716FE-1188-48BE-A20D-04EF7BF5615E}.Debug|x64.Build.0 = Debug|x64
		{C4C716FE-1188-48BE-A20D-04EF7BF5615E}.Debug|x86.ActiveCfg = Debug|Win32
		{C4C716FE-1188-48BE-A20D-04EF7BF5615E}.Debug|x86.Build.0 = Debug|Win32
		{C4C716FE-1188-48BE-A20D-04EF7BF5615E}.Release|x64.ActiveCfg = Release|x64
		{C4C716FE-1188-48BE-A20D-04EF7BF5615E}.Release|x64.Build.0 = Release|x64
		{C4C716FE-1188-48BE-A20D-04EF7BF5615E}.Release|x86.ActiveCfg = Release|Win32
		{C4C716FE-1188-48BE-A20D-04EF7BF5615E}.Release|x86.Build.0 = Release|Win32
		{453DF790-591A-4B19-92A8-1A7317CED9A9}.Debug|x64.ActiveCfg = Debug|x64
		{453DF790-591A-4B19-92A8-1A7317CED9A9}.Debug|x64.Build.0 = Debug|x64
		{453DF790-591A-4B19-92A8-1A7317CED9A9}.Debug|x86.ActiveCfg = Debug|Win32
		{453DF790-591A-4B19-92A8-1A7317CED9A9}.Debug|x86.Build.0 = Debug|Win32
		{453DF790-591A-4B19-92A8-1A7317CED9A9}.Release|x64.ActiveCfg = Release|x64
		{453DF790-591A-4B19-92A8-1A7317CED9A9}.Release|x64.Build.0 = Release|x64
		{453DF790-591A-4B19-92A8-1A7317CED9A9}.Release|x86.ActiveCfg = Release|Win32
		{453DF790-591A-4B19-92A8-1A7317CED9A9}.Release|x86.Build.0 = Release|Win32
		{480C634A-2C50-4474-AC2E-5E7B50EB1E3C}.Debug|x64.ActiveCfg = Debug|x64
		{480C634A-2C50-4474-AC2E-5E7B50EB1E3C}.Debug|x64.Build.0 = Debug|x64
		{480C634A-2C50-4474-AC2E-5E7B50EB1E3C}.Debug|x86.ActiveCfg = Debug|Win32
		{480C634A-2C50-4474-AC2E-5E7B50EB1E3C}.Debug|x86.Build.0 = Debug|Win32
		{480C634A-2C50-4474-AC2E-5E7B50EB1E3C}.Release|x64.ActiveCfg = Release|x64
		{480C634A-2C50-4474-AC2E-5E7B50EB1E3C}.Release|x64.Build.0 = Release|x64
		{480C634A-2C50-4474-AC2E-5E7B50EB1E3C}.Release|x86.ActiveCfg = Release|Win32
		{480C634A-2C50-4474-AC2E-5E7B50EB1E3C}.Release|x86.Build.0 = Release|Win32
		{BC4435BD-F8EB-4E6A-833A-BB3B13258DDF}.Debug|x64.ActiveCfg = Debug|x64
		{BC4435BD-F8EB-4E6A-833A-BB3B13258DDF}.Debug|x64.Build.0 = Debug|x64
		{BC4435BD-F8EB-4E6A-833A-BB3B13258DDF}.Debug|x86.ActiveCfg = Debug|Win32
		{BC4435BD-F8EB-4E6A-833A-BB3B13258DDF}.Debug|x86.Build.0 = Debug|Win32
		{BC4435BD-F8EB-4E6A-833A-BB3B13258DDF}.Release|x64.ActiveCfg = Release|x64
		{BC4435BD-F8EB-4E6A-833A-BB3B13258DDF}.Release|x64.Build.0 = Release|x64
		{BC4435BD-F8EB-4E6A-833A-BB3B13258DDF}.Release|x86.ActiveCfg = Release|Win32
		{BC4435BD-F8EB-4E6A-833A-BB3B13258DDF}.Release|x86.Build.0 = Release|Win32
		{5590643E-50E0-4058-9F2E-E2FDA6DA6AF0}.Debug|x64.ActiveCfg = Debug|x64
		{5590643E-50E0-4058-9F2E-E2FDA6DA6AF0}.Debug|x64.Build.0 = Debug|x64
		{5590643E-50E0-4058-9F2E-E2FDA6DA6AF0}.Debug|x86.ActiveCfg = Debug|Win32
		{5590643E-50E0-4058-9F2E-E2FDA6DA6AF0}.Debug|x86.Build.0 = Debug|Win32
		{5590643E-50E0-4058-9F2E-E2FDA6DA6AF0}.Release|x64.ActiveCfg = Release|x64
		{5590643E-50E0-4058-9F2E-E2FDA6DA6AF0}.Release|x64.Build.0 = Release|x64
		{5590643E-50E0-4058-9F2E-E2FDA6DA6AF0}.Release|x86.ActiveCfg = Release|Win32
		{5590643E-50E0-4058-9F2E-E2FDA6DA6AF0}.Release|x86.Build.0 = Release|Win32
		{8731FA41-79FD-4734-B2A9-97289427FC49}.Debug|x64.ActiveCfg = Debug|x64
		{8731FA41-79FD-4734-B2A9-97289427FC49}.Debug|x64.Build.0 = Debug|x64
		{8731FA41-79FD-4734-B2A9-97289427FC49}.Debug|x86.ActiveCfg = Debug|Win32
		{8731FA41-79FD-4734-B2A9-97289427FC49}.Debug|x86.Build.0 = Debug|Win32
		{8731FA41-79FD-4734-B2A9-97289427FC49}.Release|x64.ActiveCfg = Release|x64
		{8731FA41-79FD-4734-B2A9-97289427FC49}.Release|x64.Build.0 = Release|x64
		{8731FA41-79FD-4734-B2A9-97289427FC49}.Release|x86.ActiveCfg = Release|Win32
		{8731FA41-79FD-4734-B2A9-97289427FC49}.Release|x86.Build.0 = Release|Win32
		{B2CA2D28-0827-4447-BD4F-1C8FED2D0C22}.Debug|x64.ActiveCfg = Debug|x64
		{B2CA2D28-0827-4447-BD4F-1C8FED2D0C22}.Debug|x64.Build.0 = Debug|x64
		{B2CA2D28-0827-4447-BD4F-1C8FED2D0C22}.Debug|x86.ActiveCfg = Debug|Win32
		{B2CA2D28-0827-4447-BD4F-1C8FED2D0C22}.Debug|x86.Build.0 = Debug|Win32
		{B2CA2D28-0827-4447-BD4F-1C8FED2D0C22}.Release|x64.ActiveCfg = Release|x64
		{B2CA2D28-0827-4447-BD4F-1C8FED2D0C22}.Release|x64.Build.0 = Release|x64
		{B2CA2D28-0827-4447-BD4F-1C8FED2D0C22}.Release|x86.ActiveCfg = Release|Win32
		{B2CA2D28-0827-4447-BD4F-1C8FED2D0C22}.Release|x86.Build.0 = Release|Win32
		{53FFC77C-09BE-40AC-B593-8A9A977DB39D}.Debug|x64.ActiveCfg = Debug|x64
		{53FFC77C-09BE-40AC-B593-8A9A977DB39D}.Debug|x64.Build.0 = Debug|x64
		{53FFC77C-09BE-40AC-B593-8A9A977DB39D}.Debug|x86.ActiveCfg = Debug|Win32
		{53FFC77C-09BE-40AC-B593-8A9A977DB39D}.Debug|x86.Build.0 = Debug|Win32
		{53FFC77C-09BE-40AC-B593-8A9A977DB39D}.Release|x64.ActiveCfg = Release|x64
		{53FFC77C-09BE-40AC-B593-8A9A977DB39D}.Release|x64.Build.0 = Release|x64
		{53FFC77C-09BE-40AC-B593-8A9A977DB39D}.Release|x86.ActiveCfg = Release|Win32
		{53FFC77C-09BE-40AC-B593-8A9A977DB39D}.Release|x86.Build.0 = Release|Win32
		{CE68D54A-8975-4927-A64E-C0E772C1454C}.Debug|x64.ActiveCfg = Debug|x64
		{CE68D54A-8975-4927-A64E-C0E772C1454C}.Debug|x64.Build.0 = Debug|x64
		{CE68D54A-8975-4927-A64E-C0E772C1454C}.Debug|x86.ActiveCfg = Debug|Win32
		{CE68D54A-8975-4927-A64E-C0E772C1454C}.Debug|x86.Build.0 = Debug|Win32
		{CE68D54A-8975-4927-A64E-C0E772C1454C}.Release|x64.ActiveCfg = Release|x64
		{CE68D54A-8975-4927-A64E-C0E772C1454C}.Release|x64.Build.0 = Release|x64
		{CE68D54A-8975-4927-A64E-C0E772C1454C}.Release|x86.ActiveCfg = Release|Win32
		{CE68D54A-8975-4927-A64E-C0E772C1454C}.Release|x86.Build.0 = Release|Win32
		{0152C046-53BD-498F-88CE-4E9F7186B239}.Debug|x64.ActiveCfg = Debug|x64
		{0152C046-53BD-498F-88CE-4E9F7186B239}.Debug|x64.Build.0 = Debug|x64
		{0152C046-53BD-498F-88CE-4E9F7186B239}.Debug|x86.ActiveCfg = Debug|Win32
		{0152C046-53BD-498F-88CE-4E9F7186B239}.Debug|x86.Build.0 = Debug|Win32
		{0152C046-53BD-498F-88CE-4E9F7186B239}.Release|x64.ActiveCfg = Release|x64
		{0152C046-53BD-498F-88CE-4E9F7186B239}.Release|x64.Build.0 = Release|x64
		{0152C046-53BD-498F-88CE-4E9F7186B239}.Release|x86.ActiveCfg = Release|Win32
		{0152C046-53BD-498F-88CE-4E9F7186B239}.Release|x86.Build.0 = Release|Win32
		{B26C02B7-DC0C-4F02-B677-410D6DF451AC}.Debug|x64.ActiveCfg = Debug|x64
		{B26C02B7-DC0C-4F02-B677-410D6DF451AC}.Debug|x64.Build.0 = Debug|x64
		{B26C02B7-DC0C-4F02-B677-410D6DF451AC}.Debug|x86.ActiveCfg = Debug|Win32
		{B26C02B7-DC0C-4F02-B677-410D6DF451AC}.Debug|x86.Build.0 = Debug|Win32
		{B26C02B7-DC0C-4F02-B677-410D6DF451AC}.Release|x64.ActiveCfg = Release|x64
		{B26C02B7-DC0C-4F02-B677-410D6DF451AC}.Release|x64.Build.0 = Release|x64
		{B26C02B7-DC0C-4F02-B677-410D6DF451AC}.Release|x86.ActiveCfg = Release|Win32
		{B26C02B7-DC0C-4F02-B677-410D6DF451AC}.Release|x86.Build.0 = Release|Win32
		{7104C4A1-DF2B-4C79-995E-2D81E38C57BC}.Debug|x64.ActiveCfg = Debug|x64
		{7104C4A1-DF2B-4C79-995E-2D81E38C57BC}.Debug|x64.Build.0 = Debug|x64
		{7104C4A1-DF2B-4C79-995E-2D81E38C57BC}.Debug|x86.ActiveCfg = Debug|Win32
		{7104C4A1-DF2B-4C79-995E-2D81E38C57BC}.Debug|x86.Build.0 = Debug|Win32
		{7104C4A1-DF2B-4C79-995E-2D81E38C57BC}.Release|x64.ActiveCfg = Release|x64
		{7104C4A1-DF2B-4C79-995E-2D81E38C57BC}.Release|x64.Build.0 = Release|x64
		{7104C4A1-DF2B-4C79-995E-2D81E38C57BC}.Release|x86.ActiveCfg = Release|Win32
		{7104C4A1-DF2B-4C79-995E-2D81E38C57BC}.Release|x86.Build.0 = Release|Win32
		{C844695A-1533-4667-A053-1AA166D840F2}.Debug|x64.ActiveCfg = Debug|x64
		{C844695A-1533-4667-A053-1AA166D840F2}.Debug|x64.Build.0 = Debug|x64
		{C844695A-1533-4667-A053-1AA166D840F2}.Debug|x86.ActiveCfg = Debug|Win32
		{C844695A-1533-4667-A053-1AA166D840F2}.Debug|x86.Build.0 = Debug|Win32
		{C844695A-1533-4667-A053-1AA166D840F2}.Release|x64.ActiveCfg = Release|x64
		{C844695A-1533-4667-A053-1AA166D840F2}.Release|x64.Build.0 = Release|x64
		{C844695A-1533-4667-A053-1AA166D840F2}.Release|x86.ActiveCfg = Release|Win32
		{C844695A-1533-4667-A053-1AA166D840F2}.Release|x86.Build.0 = Release|Win32
		{875DAE0D-A3BD-4660-AC78-459FED280C17}.Debug|x64.ActiveCfg = Debug|x64
		{875DAE0D-A3BD-4660-AC78-459FED280C17}.Debug|x64.Build.0 = Debug|x64
		{875DAE0D-A3BD-4660-AC78-459FED280C17}.Debug|x86.ActiveCfg = Debug|Win32
		{875DAE0D-A3BD-4660-AC78-459FED280C17}.Debug|x86.Build.0 = Debug|Win32
		{875DAE0D-A3BD-4660-AC78-459FED280C17}.Release|x64.ActiveCfg = Release|x64
		{875DAE0D-A3BD-4660-AC78-459FED280C17}.Release|x64.Build.0 = Release|x64
		{875DAE0D-A3BD-4660-AC78-459FED280C17}.Release|x86.ActiveCfg = Release|Win32
		{875DAE0D-A3BD-4660-AC78-459FED280C17}.Release|x86.Build.0 = Release|Win32
		{63AD0C66-65CF-4313-9DC0-4B1CEE59F08C}.Debug|x64.ActiveCfg = Debug|x64
		{63AD0C66-65CF-4313-9DC0-4B1CEE59F08C}.Debug|x64.Build.0 = Debug|x64
		{63AD0C66-65CF-4313-9DC0-4B1CEE59F08C}.Debug|x86.ActiveCfg = Debug|Win32
		{63AD0C66-65CF-4313-9DC0-4B1CEE59F08C}.Debug|x86.Build.0 = Debug|Win32
		{63AD0C66-65CF-4313-9DC0-4B1CEE59F08C}.Release|x64.ActiveCfg = Release|x64
		{63AD0C66-65CF-4313-9DC0-4B1CEE59F08C}.Release|x64.Build.0 = Release|x64
		{63AD0C66-65CF-4313-9DC0-4B1CEE59F08C}.Release|x86.ActiveCfg = Release|Win32
		{63AD0C66-65CF-4313-9DC0-4B1CEE59F08C}.Release|x86.Build.0 = Release|Win32
		{DE422D7E-42F4-4A60-B66D-1FFB66D4EB1D}.Debug|x64.ActiveCfg = Debug|x64
		{DE422D7E-42F4-4A60-B66D-1FFB66D4EB1D}.Debug|x64.Build.0 = Debug|x64
		{DE422D7E-42F4-4A60-B66D-1FFB66D4EB1D}.Debug|x86.ActiveCfg = Debug|Win32
		{DE422D7E-42F4-4A60-B66D-1FFB66D4EB1D}.Debug|x86.Build.0 = Debug|Win32
		{DE422D7E-42F4-4A60-B66D-1FFB66D4EB1D}.Release|x64.ActiveCfg = Release|x64
		{DE422D7E-42F4-4A60-B66D-1FFB66D4EB1D}.Release|x64.Build.0 = Release|x64
		{DE422D7E-42F4-4A60-B66D-1FFB66D4EB1D}.Release|x86.ActiveCfg = Release|Win32
		{DE422D7E-42F4-4A60-B66D-1FFB66D4EB1D}.Release|x86.Build.0 = Release|Win32
		{2356CDB2-4511-4EA8-B05F-4DF39CC13C33}.Debug|x64.ActiveCfg = Debug|x64
		{2356CDB2-4511-4EA8-B05F-4DF39CC13C33}.Debug|x64.Build.0 = Debug|x64
		{2356CDB2-4511-4EA8-B05F-4DF39CC13C33}.Debug|x86.ActiveCfg = Debug|Win32
		{2356CDB2-4511-4EA8-B05F-4DF39CC13C33}.Debug|x86.Build.0 = Debug|Win32
		{2356CDB2-4511-4EA8-B05F-4DF39CC13C33}.Release|x64.ActiveCfg = Release|x64
		{2356CDB2-4511-4EA8-B05F-4DF39CC13C33}.Release|x64.Build.0 = Release|x64
		{2356CDB2-4511-4EA8-B05F-4DF39CC13C33}.Release|x86.ActiveCfg = Release|Win32
		{2356CDB2-4511-4EA8-B05F-4DF39CC13C33}.Release|x86.Build.0 = Release|Win32
		{FD0BD997-7DFE-4BA2-8DA4-22137B9D51D9}.Debug|x64.ActiveCfg = Debug|x64
		{FD0BD997-7DFE-4BA2-8DA4-22137B9D51D9}.Debug|x64.Build.0 = Debug|x64
		{FD0BD997-7DFE-4BA2-8DA4-22137B9D51D9}.Debug|x86.ActiveCfg = Debug|Win32
		{FD0BD997-7DFE-4BA2-8DA4-22137B9D51D9}.Debug|x86.Build.0 = Debug|Win32
		{FD0BD997-7DFE-4BA2-8DA4-22137B9D51D9}.Release|x64.ActiveCfg = Release|x64
		{FD0BD997-7DFE-4BA2-8DA4-22137B9D51D9}.Release|x64.Build.0 = Release|x64
		{FD0BD997-7DFE-4BA2-8DA4-22137B9D51D9}.Release|x86.ActiveCfg = Release|Win32
		{FD0BD997-7DFE-4BA2-8DA4-22137B9D51D9}.Release|x86.Build.0 = Release|Win32
		{3A4CDB6B-2FAF-4330-97C9-D2B5E0E3D8FC}.Debug|x64.ActiveCfg = Debug|x64
		{3A4CDB6B-2FAF-4330-97C9-D2B5E0E3D8FC}.Debug|x64.Build.0 = Debug|x64
		{3A4CDB6B-2FAF-4330-97C9-D2B5E0E3D8FC}.Debug|x86.ActiveCfg = Debug|Win32
		{3A4CDB6B-2FAF-4330-97C9-D2B5E0E3D8FC}.Debug|x86.Build.0 = Debug|Win32
		{3A4CDB6B-2FAF-4330-97C9-D2B5E0E3D8FC}.Release|x64.ActiveCfg = Release|x64
		{3A4CDB6B-2FAF-4330-97C9-D2B5E0E3D8FC}.Release|x64.Build.0 = Release|x64
		{3A4CDB6B-2FAF-4330-97C9-D2B5E0E3D8FC}.Release|x86.ActiveCfg = Release|Win32
		{3A4CDB6B-2FAF-4330-97C9-D2B5E0E3D8FC}.Release|x86.Build.0 = Release|Win32
		{F9086563-3747-4A73-BD80-614AC66BE780}.Debug|x64.ActiveCfg = Debug|x64
		{F9086563-3747-4A73-BD80-614AC66BE780}.Debug|x64.Build.0 = Debug|x64
		{F9086563-3747-4A73-BD80-614AC66BE780}.Debug|x86.ActiveCfg = Debug|Win32
		{F9086563-3747-4A73-BD80-614AC66BE780}.Debug|x86.Build.0 = Debug|Win32
		{F9086563-3747-4A73-BD80-614AC66BE780}.Release|x64.ActiveCfg = Release|x64
		{F9086563-3747-4A73-BD80-614AC66BE780}.Release|x64.Build.0 = Release|x64
		{F9086563-3747-4A73-BD80-614AC66BE780}.Release|x86.ActiveCfg = Release|Win32
		{F9086563-3747-4A73-BD80-614AC66BE780}.Release|x86.Build.0 = Release|Win32
		{8A55B8D3-C063-409D-B643-35D195D7A3A8}.Debug|x64.ActiveCfg = Debug|x64
		{8A55B8D3-C063-409D-B643-35D195D7A3A8}.Debug|x64.Build.0 = Debug|x64
		{8A55B8D3-C063-409D-B643-35D195D7A3A8}.Debug|x86.ActiveCfg = Debug|Win32
		{8A55B8D3-C063-409D-B643-35D195D7A3A8}.Debug|x86.Build.0 = Debug|Win32
		{8A55B8D3-C063-409D-B643-35D195D7A3A8}.Release|x64.ActiveCfg = Release|x64
		{8A55B8D3-C063-409D-B643-35D195D7A3A8}.Release|x64.Build.0 = Release|x64
		{8A55B8D3-C063-409D-B643-35D195D7A3A8}.Release|x86.ActiveCfg = Release|Win32
		{8A55B8D3-C063-409D-B643-35D195D7A3A8}.Release|x86.Build.0 = Release|Win32
		{C002F72F-D9CD-432C-9F0A-3999C50BE40B}.Debug|x64.ActiveCfg = Debug|x64
		{C002F72F-D9CD-432C-9F0A-3999C50BE40B}.Debug|x64.Build.0 = Debug|x64
		{C002F72F-D9CD-432C-9F0A-3999C50BE40B}.Debug|x86.ActiveCfg = Debug|Win32
		{C002F72F-D9CD-432C-9F0A-3999C50BE40B}.Debug|x86.Build.0 = Debug|Win32
		{C002F72F-D9CD-432C-9F0A-3999C50BE40B}.Release|x64.ActiveCfg = Release|x64
		{C002F72F-D9CD-432C-9F0A-3999C50BE40B}.Release|x64.Build.0 = Release|x64
		{C002F72F-D9CD-432C-9F0A-3999C50BE40B}.Release|x86.ActiveCfg = Release|Win32
		{C002F72F-D9CD-432C-9F0A-3999C50BE40B}.Release|x86.Build.0 = Release|Win32
		{4471C00D-AFE2-4243-A785-87951FE78E2C}.Debug|x64.ActiveCfg = Debug|x64
		{4471C00D-AFE2-4243-A785-87951FE78E2C}.Debug|x64.Build.0 = Debug|x64
		{4471C00D-AFE2-4243-A785-87951FE78E2C}.Debug|x86.ActiveCfg = Debug|Win32
		{4471C00D-AFE2-4243-A785-87951FE78E2C}.Debug|x86.Build.0 = Debug|Win32
		{4471C00D-AFE2-4243-A785-87951FE78E2C}.Release|x64.ActiveCfg = Release|x64
		{4471C00D-AFE2-4243-A785-87951FE78E2C}.Release|x64.Build.0 = Release|x64
		{4471C00D-AFE2-4243-A785-87951FE78E2C}.Release|x86.ActiveCfg = Release|Win32
		{4471C00D-AFE2-4243-A785-87951FE78E2C}.Release|x86.Build.0 = Release|Win32
		{13B8D23F-9800-43DD-BD30-B3802AAB3027}.Debug|x64.ActiveCfg = Debug|x64
		{13B8D23F-9800-43DD-BD30-B3802AAB3027}.Debug|x64.Build.0 = Debug|x64
		{13B8D23F-9800-43DD-BD30-B3802AAB3027}.Debug|x86.ActiveCfg = Debug|Win32
		{13B8D23F-9800-43DD-BD30-B3802AAB3027}.Debug|x86.Build.0 = Debug|Win32
		{13B8D23F-9800-43DD-BD30-B3802AAB3027}.Release|x64.ActiveCfg = Release|x64
		{13B8D23F-9800-43DD-BD30-B3802AAB3027}.Release|x64.Build.0 = Release|x64
		{13B8D23F-9800-43DD-BD30-B3802AAB3027}.Release|x86.ActiveCfg = Release|Win32
		{13B8D23F-9800-43DD-BD30-B3802AAB3027}.Release|x86.Build.0 = Release|Win32
		{3B1D2067-568F-4FDB-9029-1F34468184CC}.Debug|x64.ActiveCfg = Debug|x64
		{3B1D2067-568F-4FDB-9029-1F34468184CC}.Debug|x64.Build.0 = Debug|x64
		{3B1D2067-568F-4FDB-9029-1F34468184CC}.Debug|x86.ActiveCfg = Debug|Win32
		{3B1D2067-568F-4FDB-9029-1F34468184CC}.Debug|x86.Build.0 = Debug|Win32
		{3B1D2067-568F-4FDB-9029-1F34468184CC}.Release|x64.ActiveCfg = Release|x64
		{3B1D2067-568F-4FDB-9029-1F34468184CC}.Release|x64.Build.0 = Release|x64
		{3B1D2067-568F-4FDB-9029-1F34468184CC}.Release|x86.ActiveCfg = Release|Win32
		{3B1D2067-568F-4FDB-9029-1F34468184CC}.Release|x86.Build.0 = Release|Win32
		{5B23099B-1BDE-4EB3-B32F-AB8FE2CE7337}.Debug|x64.ActiveCfg = Debug|x64
		{5B23099B-1BDE-4EB3-B32F-AB8FE2CE7337}.Debug|x64.Build.0 = Debug|x64
		{5B23099B-1BDE-4EB3-B32F-AB8FE2CE7337}.Debug|x86.ActiveCfg = Debug|Win32
		{5B23099B-1BDE-4EB3-B32F-AB8FE2CE7337}.Debug|x86.Build.0 = Debug|Win32
		{5B23099B-1BDE-4EB3-B32F-AB8FE2CE7337}.Release|x64.ActiveCfg = Release|x64
		{5B23099B-1BDE-4EB3-B32F-AB8FE2CE7337}.Release|x64.Build.0 = Release|x64
		{5B23099B-1BDE-4EB3-B32F-AB8FE2CE7337}.Release|x86.ActiveCfg = Release|Win32
		{5B23099B-1BDE-4EB3-B32F-AB8FE2CE7337}.Release|x86.Build.0 = Release|Win32
		{6B404076-1E9A-4A55-A77B-ED258724BB4A}.Debug|x64.ActiveCfg = Debug|x64
		{6B404076-1E9A-4A55-A77B-ED258724BB4A}.Debug|x64.Build.0 = Debug|x64
		{6B404076-1E9A-4A55-A77B-ED258724BB4A}.Debug|x86.ActiveCfg = Debug|Win32
		{6B404076-1E9A-4A55-A77B-ED258724BB4A}.Debug|x86.Build.0 = Debug|Win32
		{6B404076-1E9A-4A55-A77B-ED258724BB4A}.Release|x64.ActiveCfg = Release|x64
		{6B404076-1E9A-4A55-A77B-ED258724BB4A}.Release|x64.Build.0 = Release|x64
		{6B404076-1E9A-4A55-A77B-ED258724BB4A}.Release|x86.ActiveCfg = Release|Win32
		{6B404076-1E9A-4A55-A77B-ED258724BB4A}.Release|x86.Build.0 = Release|Win32
		{7E52524B-CD1A-4F26-9705-A6AEAA32205C}.Debug|x64.ActiveCfg = Debug|x64
		{7E52524B-CD1A-4F26-9705-A6AEAA32205C}.Debug|x64.Build.0 = Debug|x64
		{7E52524B-CD1A-4F26-9705-A6AEAA32205C}.Debug|x86.ActiveCfg = Debug|Win32
		{7E52524B-CD1A-4F26-9705-A6AEAA32205C}.Debug|x86.Build.0 = Debug|Win32
		{7E52524B-CD1A-4F26-9705-A6AEAA32205C}.Release|x64.ActiveCfg = Release|x64
		{7E52524B-CD1A-4F26-9705-A6AEAA32205C}.Release|x64.Build.0 = Release|x64
		{7E52524B-CD1A-4F26-9705-A6AEAA32205C}.Release|x86.ActiveCfg = Release|Win32
		{7E52524B-CD1A-4F26-9705-A6AEAA32205C}.Release|x86.Build.0 = Release|Win32
		{5552F183-BFA2-4B57-9B61-6904CC7947BC}.Debug|x64.ActiveCfg = Debug|x64
		{5552F183-BFA2-4B57-9B61-6904CC7947BC}.Debug|x64.Build.0 = Debug|x64
		{5552F183-BFA2-4B57-9B61-6904CC7947BC}.Debug|x86.ActiveCfg = Debug|Win32
		{5552F183-BFA2-4B57-9B61-6904CC7947BC}.Debug|x86.Build.0 = Debug|Win32
		{5552F183-BFA2-4B57-9B61-6904CC7947BC}.Release|x64.ActiveCfg = Release|x64
		{5552F183-BFA2-4B57-9B61-6904CC7947BC}.Release|x64.Build.0 = Release|x64
		{5552F183-BFA2-4B57-9B61-6904CC7947BC}.Release|x86.ActiveCfg = Release|Win32
		{5552F183-BFA2-4B57-9B61-6904CC7947BC}.Release|x86.Build.0 = Release|Win32
		{7CCDE6B8-890A-4C82-8B99-F178EE8058E3}.Debug|x64.ActiveCfg = Debug|x64
		{7CCDE6B8-890A-4C82-8B99-F178EE8058E3}.Debug|x64.Build.0 = Debug|x64
		{7CCDE6B8-890A-4C82-8B99-F178EE8058E3}.Debug|x86.ActiveCfg = Debug|Win32
		{7CCDE6B8-890A-4C82-8B99-F178EE8058E3}.Debug|x86.Build.0 = Debug|Win32
		{7CCDE6B8-890A-4C82-8B99-F178EE8058E3}.Release|x64.ActiveCfg = Release|x64
		{7CCDE6B8-890A-4C82-8B99-F178EE8058E3}.Release|x64.Build.0 = Release|x64
		{7CCDE6B8-890A-4C82-8B99-F178EE8058E3}.Release|x86.ActiveCfg = Release|Win32
		{7CCDE6B8-890A-4C82-8B99-F178EE8058E3}.Release|x86.Build.0 = Release|Win32
		{D848BB0A-8DF9-4B0A-8CBB-893C7F7AFFA3}.Debug|x64.ActiveCfg = Debug|x64
		{D848BB0A-8DF9-4B0A-8CBB-893C7F7AFFA3}.Debug|x64.Build.0 = Debug|x64
		{D848BB0A-8DF9-4B0A-8CBB-893C7F7AFFA3}.Debug|x86.ActiveCfg = Debug|Win32
		{D848BB0A-8DF9-4B0A-8CBB-893C7F7AFFA3}.Debug|x86.Build.0 = Debug|Win32
		{D848BB0A-8DF9-4B0A-8CBB-893C7F7AFFA3}.Release|x64.ActiveCfg = Release|x64
		{D848BB0A-8DF9-4B0A-8CBB-893C7F7AFFA3}.Release|x64.Build.0 = Release|x64
		{D848BB0A-8DF9-4B0A-8CBB-893C7F7AFFA3}.Release|x86.ActiveCfg = Release|Win32
		{D848BB0A-8DF9-4B0A-8CBB-893C7F7AFFA3}.Release|x86.Build.0 = Release|Win32
		{836763BD-8373-4361-A201-E2927FA6800E}.Debug|x64.ActiveCfg = Debug|x64
		{836763BD-8373-4361-A201-E2927FA6800E}.Debug|x64.Build.0 = Debug|x64
		{836763BD-8373-4361-A201-E2927FA6800E}.Debug|x86.ActiveCfg = Debug|Win32
		{836763BD-8373-4361-A201-E2927FA6800E}.Debug|x86.Build.0 = Debug|Win32
		{836763BD-8373-4361-A201-E2927FA6800E}.Release|x64.ActiveCfg = Release|x64
		{836763BD-8373-4361-A201-E2927FA6800E}.Release|x64.Build.0 = Release|x64
		{836763BD-8373-4361-A201-E2927FA6800E}.Release|x86.ActiveCfg = Release|Win32
		{836763BD-8373-4361-A201-E2927FA6800E}.Release|x86.Build.0 = Release|Win32
		{BE0AC87F-E00D-4F4A-9760-67A4292ECB30}.Debug|x64.ActiveCfg = Debug|x64
		{BE0AC87F-E00D-4F4A-9760-67A4292ECB30}.Debug|x64.Build.0 = Debug|x64
		{BE0AC87F-E00D-4F4A-9760-67A4292ECB30}.Debug|x86.ActiveCfg = Debug|Win32
		{BE0AC87F-E00D-4F4A-9760-67A4292ECB30}.Debug|x86.Build.0 = Debug|Win32
		{BE0AC87F-E00D-4F4A-9760-67A4292ECB30}.Release|x64.ActiveCfg = Release|x64
		{BE0AC87F-E00D-4F4A-9760-67A4292ECB30}.Release|x64.Build.0 = Release|x64
		{BE0AC87F-E00D-4F4A-9760-67A4292ECB30}.Release|x86.ActiveCfg = Release|Win32
		{BE0AC87F-E00D-4F4A-9760-67A4292ECB30}.Release|x86.Build.0 = Release|Win32
		{34D31B21-BCDF-4C4A-A2A8-AFC3E86251AF}.Debug|x64.ActiveCfg = Debug|x64
		{34D31B21-BCDF-4C4A-A2A8-AFC3E86251AF}.Debug|x64.Build.0 = Debug|x64
		{34D31B21-BCDF-4C4A-A2A8-AFC3E86251AF}.Debug|x86.ActiveCfg = Debug|Win32
		{34D31B21-BCDF-4C4A-A2A8-AFC3E86251AF}.Debug|x86.Build.0 = Debug|Win32
		{34D31B21-BCDF-4C4A-A2A8-AFC3E86251AF}.Release|x64.ActiveCfg = Release|x64
		{34D31B21-BCDF-4C4A-A2A8-AFC3E86251AF}.Release|x64.Build.0 = Release|x64
		{34D31B21-BCDF-4C4A-A2A8-AFC3E86251AF}.Release|x86.ActiveCfg = Release|Win32
		{34D31B21-BCDF-4C4A-A2A8-AFC3E86251AF}.Release|x86.Build.0 = Release|Win32
		{0D3E6263-C4F7-4CAB-AE3E-BB1677F6A44D}.Debug|x64.ActiveCfg = Debug|x64
		{0D3E6263-C4F7-4CAB-AE3E-BB1677F6A44D}.Debug|x64.Build.0 = Debug|x64
		{0D3E6263-C4F7-4CAB-AE3E-BB1677F6A44D}.Debug|x86.ActiveCfg = Debug|Win32
		{0D3E6263-C4F7-4CAB-AE3E-BB1677F6A44D}.Debug|x86.Build.0 = Debug|Win32
		{0D3E6263-C4F7-4CAB-AE3E-BB1677F6A44D}.Release|x64.ActiveCfg = Release|x64
		{0D3E6263-C4F7-4CAB-AE3E-BB1677F6A44D}.Release|x64.Build.0 = Release|x64
		{0D3E6263-C4F7-4CAB-AE3E-BB1677F6A44D}.Release|x86.ActiveCfg = Release|Win32
		{0D3E6263-C4F7-4CAB-AE3E-BB1677F6A44D}.Release|x86.Build.0 = Release|Win32
		{5763BCD9-FD54-4B77-BFB3-A7D2388167B6}.Debug|x64.ActiveCfg = Debug|x64
		{5763BCD9-FD54-4B77-BFB3-A7D2388167B6}.Debug|x64.Build.0 = Debug|x64
		{5763BCD9-FD54-4B77-BFB3-A7D2388167B6}.Debug|x86.ActiveCfg = Debug|Win32
		{5763BCD9-FD54-4B77-BFB3-A7D2388167B6}.Debug|x86.Build.0 = Debug|Win32
		{5763BCD9-FD54-4B77-BFB3-A7D2388167B6}.Release|x64.ActiveCfg = Release|x64
		{5763BCD9-FD54-4B77-BFB3-A7D2388167B6}.Release|x64.Build.0 = Release|x64
		{5763BCD9-FD54-4B77-BFB3-A7D2388167B6}.Release|x86.ActiveCfg = Release|Win32
		{5763BCD9-FD54-4B77-BFB3-A7D2388167B6}.Release|x86.Build.0 = Release|Win32
		{5D4CB971-1881-4833-AC96-BF79A0F91C65}.Debug|x64.ActiveCfg = Debug|x64
		{5D4CB971-1881-4833-AC96-BF79A0F91C65}.Debug|x64.Build.0 = Debug|x64
		{5D4CB971-1881-4833-AC96-BF79A0F91C65}.Debug|x86.ActiveCfg = Debug|Win32
		{5D4CB971-1881-4833-AC96-BF79A0F91C65}.Debug|x86.Build.0 = Debug|Win32
		{5D4CB971-1881-4833-AC96-BF79A0F91C65}.Release|x64.ActiveCfg = Release|x64
		{5D4CB971-1881-4833-AC96-BF79A0F91C65}.Release|x64.Build.0 = Release|x64
		{5D4CB971-1881-4833-AC96-BF79A0F91C65}.Release|x86.ActiveCfg = Release|Win32
		{5D4CB971-1881-4833-AC96-BF79A0F91C65}.Release|x86.Build.0 = Release|Win32
		{342987A7-F2D4-45DB-9D42-111208140327}.Debug|x64.ActiveCfg = Debug|x64
		{342987A7-F2D4-45DB-9D42-111208140327}.Debug|x64.Build.0 = Debug|x64
		{342987A7-F2D4-45DB-9D42-111208140327}.Debug|x86.ActiveCfg = Debug|Win32
		{342987A7-F2D4-45DB-9D42-111208140327}.Debug|x86.Build.0 = Debug|Win32
		{342987A7-F2D4-45DB-9D42-111208140327}.Release|x64.ActiveCfg = Release|x64
		{342987A7-F2D4-45DB-9D42-111208140327}.Release|x64.Build.0 = Release|x64
		{342987A7-F2D4-45DB-9D42-111208140327}.Release|x86.ActiveCfg = Release|Win32
		{342987A7-F2D4-45DB-9D42-111208140327}.Release|x86.Build.0 = Release|Win32
		{DE332E21-C922-488F-9864-0D0E86EFE168}.Debug|x64.ActiveCfg = Debug|x64
		{DE332E21-C922-488F-9864-0D0E86EFE168}.Debug|x64.Build.0 = Debug|x64
		{DE332E21-C922-488F-9864-0D0E86EFE168}.Debug|x86.ActiveCfg = Debug|Win32
		{DE332E21-C922-488F-9864-0D0E86EFE168}.Debug|x86.Build.0 = Debug|Win32
		{DE332E21-C922-488F-9864-0D0E86EFE168}.Release|x64.ActiveCfg = Release|x64
		{DE332E21-C922-488F-9864-0D0E86EFE168}.Release|x64.Build.0 = Release|x64
		{DE332E21-C922-488F-9864-0D0E86EFE168}.Release|x86.ActiveCfg = Release|Win32
		{DE332E21-C922-488F-9864-0D0E86EFE168}.Release|x86.Build.0 = Release|Win32
		{70B38812-070E-4C30-8FF7-C7425E69EC19}.Debug|x64.ActiveCfg = Debug|x64
		{70B38812-070E-4C30-8FF7-C7425E69EC19}.Debug|x64.Build.0 = Debug|x64
		{70B38812-070E-4C30-8FF7-C7425E69EC19}.Debug|x86.ActiveCfg = Debug|Win32
		{70B38812-070E-4C30-8FF7-C7425E69EC19}.Debug|x86.Build.0 = Debug|Win32
		{70B38812-070E-4C30-8FF7-C7425E69EC19}.Release|x64.ActiveCfg = Release|x64
		{70B38812-070E-4C30-8FF7-C7425E69EC19}.Release|x64.Build.0 = Release|x64
		{70B38812-070E-4C30-8FF7-C7425E69EC19}.Release|x86.ActiveCfg = Release|Win32
		{70B38812-070E-4C30-8FF7-C7425E69EC19}.Release|x86.Build.0 = Release|Win32
		{6E19C0BD-E3BA-43D1-BE5A-44452AB76D6E}.Debug|x64.ActiveCfg = Debug|x64
		{6E19C0BD-E3BA-43D1-BE5A-44452AB76D6E}.Debug|x64.Build.0 = Debug|x64
		{6E19C0BD-E3BA-43D1-BE5A-44452AB76D6E}.Debug|x86.ActiveCfg = Debug|Win32
		{6E19C0BD-E3BA-43D1-BE5A-44452AB76D6E}.Debug|x86.Build.0 = Debug|Win32
		{6E19C0BD-E3BA-43D1-BE5A-44452AB76D6E}.Release|x64.ActiveCfg = Release|x64
		{6E19C0BD-E3BA-43D1-BE5A-44452AB76D6E}.Release|x64.Build.0 = Release|x64
		{6E19C0BD-E3BA-43D1-BE5A-44452AB76D6E}.Release|x86.ActiveCfg = Release|Win32
		{6E19C0BD-E3BA-43D1-BE5A-44452AB76D6E}.Release|x86.Build.0 = Release|Win32
		{5C28E6D7-18B7-4440-B20A-DDF62CD5167C}.Debug|x64.ActiveCfg = Debug|x64
		{5C28E6D7-18B7-4440-B20A-DDF62CD5167C}.Debug|x64.Build.0 = Debug|x64
		{5C28E6D7-18B7-4440-B20A-DDF62CD5167C}.Debug|x86.ActiveCfg = Debug|Win32
		{5C28E6D7-18B7-4440-B20A-DDF62CD5167C}.Debug|x86.Build.0 = Debug|Win32
		{5C28E6D7-18B7-4440-B20A-DDF62CD5167C}.Release|x64.ActiveCfg = Release|x64
		{5C28E6D7-18B7-4440-B20A-DDF62CD5167C}.Release|x64.Build.0 = Release|x64
		{5C28E6D7-18B7-4440-B20A-DDF62CD5167C}.Release|x86.ActiveCfg = Release|Win32
		{5C28E6D7-18B7-4440-B20A-DDF62CD5167C}.Release|x86.Build.0 = Release|Win32
		{068E254B-50B8-4689-94C1-D2243E3C9A32}.Debug|x64.ActiveCfg = Debug|x64
		{068E254B-50B8-4689-94C1-D2243E3C9A32}.Debug|x64.Build.0 = Debug|x64
		{068E254B-50B8-4689-94C1-D2243E3C9A32}.Debug|x86.ActiveCfg = Debug|Win32
		{068E254B-50B8-4689-94C1-D2243E3C9A32}.Debug|x86.Build.0 = Debug|Win32
		{068E254B-50B8-4689-94C1-D2243E3C9A32}.Release|x64.ActiveCfg = Release|x64
		{068E254B-50B8-4689-94C1-D2243E3C9A32}.Release|x64.Build.0 = Release|x64
		{068E254B-50B8-4689-94C1-D2243E3C9A32}.Release|x86.ActiveCfg = Release|Win32
		{068E254B-50B8-4689-94C1-D2243E3C9A32}.Release|x86.Build.0 = Release|Win32
		{5E1CC178-8C90-4A12-BC0B-8434391C0857}.Debug|x64.ActiveCfg = Debug|x64
		{5E1CC178-8C90-4A12-BC0B-8434391C0857}.Debug|x64.Build.0 = Debug|x64
		{5E1CC178-8C90-4A12-BC0B-8434391C0857}.Debug|x86.ActiveCfg = Debug|Win32
		{5E1CC178-8C90-4A12-BC0B-8434391C0857}.Debug|x86.Build.0 = Debug|Win32
		{5E1CC178-8C90-4A12-BC0B-8434391C0857}.Release|x64.ActiveCfg = Release|x64
		{5E1CC178-8C90-4A12-BC0B-8434391C0857}.Release|x64.Build.0 = Release|x64
		{5E1CC178-8C90-4A12-BC0B-8434391C0857}.Release|x86.ActiveCfg = Release|Win32
		{5E1CC178-8C90-4A12-BC0B-8434391C0857}.Release|x86.Build.0 = Release|Win32
		{F2FB98CB-723A-4A08-AE94-237D3E2C0355}.Debug|x64.ActiveCfg = Debug|x64
		{F2FB98CB-723A-4A08-AE94-237D3E2C0355}.Debug|x64.Build.0 = Debug|x64
		{F2FB98CB-723A-4A08-AE94-237D3E2C0355}.Debug|x86.ActiveCfg = Debug|Win32
		{F2FB98CB-723A-4A08-AE94-237D3E2C0355}.Debug|x86.Build.0 = Debug|Win32
		{F2FB98CB-723A-4A08-AE94-237D3E2C0355}.Release|x64.ActiveCfg = Release|x64
		{F2FB98CB-723A-4A08-AE94-237D3E2C0355}.Release|x64.Build.0 = Release|x64
		{F2FB98CB-723A-4A08-AE94-237D3E2C0355}.Release|x86.ActiveCfg = Release|Win32
		{F2FB98CB-723A-4A08-AE94-237D3E2C0355}.Release|x86.Build.0 = Release|Win32
		{BBC8E39F-7BB8-458A-8F38-BEFE6CA03D36}.Debug|x64.ActiveCfg = Debug|x64
		{BBC8E39F-7BB8-458A-8F38-BEFE6CA03D36}.Debug|x64.Build.0 = Debug|x64
		{BBC8E39F-7BB8-458A-8F38-BEFE6CA03D36}.Debug|x86.ActiveCfg = Debug|Win32
		{BBC8E39F-7BB8-458A-8F38-BEFE6CA03D36}.Debug|x86.Build.0 = Debug|Win32
		{BBC8E39F-7BB8-458A-8F38-BEFE6CA03D36}.Release|x64.ActiveCfg = Release|x64
		{BBC8E39F-7BB8-458A-8F38-BEFE6CA03D36}.Release|x64.Build.0 = Release|x64
		{BBC8E39F-7BB8-458A-8F38-BEFE6CA03D36}.Release|x86.ActiveCfg = Release|Win32
		{BBC8E39F-7BB8-458A-8F38-BEFE6CA03D36}.Release|x86.Build.0 = Release|Win32
		{EC1D587B-176A-4EDC-9F9D-1886F4001D89}.Debug|x64.ActiveCfg = Debug|x64
		{EC1D587B-176A-4EDC-9F9D-1886F4001D89}.Debug|x64.Build.0 = Debug|x64
		{EC1D587B-176A-4EDC-9F9D-1886F4001D89}.Debug|x86.ActiveCfg = Debug|Win32
		{EC1D587B-176A-4EDC-9F9D-1886F4001D89}.Debug|x86.Build.0 = Debug|Win32
		{EC1D587B-176A-4EDC-9F9D-1886F4001D89}.Release|x64.ActiveCfg = Release|x64
		{EC1D587B-176A-4EDC-9F9D-1886F4001D89}.Release|x64.Build.0 = Release|x64
		{EC1D587B-176A-4EDC-9F9D-1886F4001D89}.Release|x86.ActiveCfg = Release|Win32
		{EC1D587B-176A-4EDC-9F9D-1886F4001D89}.Release|x86.Build.0 = Release|Win32
		{85A1FA75-2CC3-4C78-A6C2-4888854F6207}.Debug|x64.ActiveCfg = Debug|x64
		{85A1FA75-2CC3-4C78-A6C2-4888854F6207}.Debug|x64.Build.0 = Debug|x64
		{85A1FA75-2CC3-4C78-A6C2-4888854F6207}.Debug|x86.ActiveCfg = Debug|Win32
		{85A1FA75-2CC3-4C78-A6C2-4888854F6207}.Debug|x86.Build.0 = Debug|Win32
		{85A1FA75-2CC3-4C78-A6C2-4888854F6207}.Release|x64.ActiveCfg = Release|x64
		{85A1FA75-2CC3-4C78-A6C2-4888854F6207}.Release|x64.Build.0 = Release|x64
		{85A1FA75-2CC3-4C78-A6C2-4888854F6207}.Release|x86.ActiveCfg = Release|Win32
		{85A1FA75-2CC3-4C78-A6C2-4888854F6207}.Release|x86.Build.0 = Release|Win32
		{81D58824-26B5-45A8-9CF8-4EA3EBB50E29}.Debug|x64.ActiveCfg = Debug|x64
		{81D58824-26B5-45A8-9CF8-4EA3EBB50E29}.Debug|x64.Build.0 = Debug|x64
		{81D58824-26B5-45A8-9CF8-4EA3EBB50E29}.Debug|x86.ActiveCfg = Debug|Win32
		{81D58824-26B5-45A8-9CF8-4EA3EBB50E29}.Debug|x86.Build.0 = Debug|Win32
		{81D58824-26B5-45A8-9CF8-4EA3EBB50E29}.Release|x64.ActiveCfg = Release|x64
		{81D58824-26B5-45A8-9CF8-4EA3EBB50E29}.Release|x64.Build.0 = Release|x64
		{81D58824-26B5-45A8-9CF8-4EA3EBB50E29}.Release|x86.ActiveCfg = Release|Win32
		{81D58824-26B5-45A8-9CF8-4EA3EBB50E29}.Release|x86.Build.0 = Release|Win32
		{3DB947BF-BF88-4728-A95E-C2AA6C9E579C}.Debug|x64.ActiveCfg = Debug|x64
		{3DB947BF-BF88-4728-A95E-C2AA6C9E579C}.Debug|x64.Build.0 = Debug|x64
		{3DB947BF-BF88-4728-A95E-C2AA6C9E579C}.Debug|x86.ActiveCfg = Debug|Win32
		{3DB947BF-BF88-4728-A95E-C2AA6C9E579C}.Debug|x86.Build.0 = Debug|Win32
		{3DB947BF-BF88-4728-A95E-C2AA6C9E579C}.Release|x64.ActiveCfg = Release|x64
		{3DB947BF-BF88-4728-A95E-C2AA6C9E579C}.Release|x64.Build.0 = Release|x64
		{3DB947BF-BF88-4728-A95E-C2AA6C9E579C}.Release|x86.ActiveCfg = Release|Win32
		{3DB947BF-BF88-4728-A95E-C2AA6C9E579C}.Release|x86.Build.0 = Release|Win32
		{1C228D2D-4321-48C3-9C20-64AEF458B709}.Debug|x64.ActiveCfg = Debug|x64
		{1C228D2D-4321-48C3-9C20-64AEF458B709}.Debug|x64.Build.0 = Debug|x64
		{1C228D2D-4321-48C3-9C20-64AEF458B709}.Debug|x86.ActiveCfg = Debug|Win32
		{1C228D2D-4321-48C3-9C20-64AEF458B709}.Debug|x86.Build.0 = Debug|Win32
		{1C228D2D-4321-48C3-9C20-64AEF458B709}.Release|x64.ActiveCfg = Release|x64
		{1C228D2D-4321-48C3-9C20-64AEF458B709}.Release|x64.Build.0 = Release|x64
		{1C228D2D-4321-48C3-9C20-64AEF458B709}.Release|x86.ActiveCfg = Release|Win32
		{1C228D2D-4321-48C3-9C20-64AEF458B709}.Release|x86.Build.0 = Release|Win32
		{723AB8D5-77EC-49B2-B62E-4D2B5A108B9D}.Debug|x64.ActiveCfg = Debug|x64
		{723AB8D5-77EC-49B2-B62E-4D2B5A108B9D}.Debug|x64.Build.0 = Debug|x64
		{723AB8D5-77EC-49B2-B62E-4D2B5A108B9D}.Debug|x86.ActiveCfg = Debug|Win32
		{723AB8D5-77EC-49B2-B62E-4D2B5A108B9D}.Debug|x86.Build.0 = Debug|Win32
		{723AB8D5-77EC-49B2-B62E-4D2B5A108B9D}.Release|x64.ActiveCfg = Release|x64
		{723AB8D5-77EC-49B2-B62E-4D2B5A108B9D}.Release|x64.Build.0 = Release|x64
		{723AB8D5-77EC-49B2-B62E-4D2B5A108B9D}.Release|x86.ActiveCfg = Release|Win32
		{723AB8D5-77EC-49B2-B62E-4D2B5A108B9D}.Release|x86.Build.0 = Release|Win32
		{F729213C-4541-46CF-8AE0-2359C24DAEA2}.Debug|x64.ActiveCfg = Debug|x64
		{F729213C-4541-46CF-8AE0-2359C24DAEA2}.Debug|x64.Build.0 = Debug|x64
		{F729213C-4541-46CF-8AE0-2359C24DAEA2}.Debug|x86.ActiveCfg = Debug|Win32
		{F729213C-4541-46CF-8AE0-2359C24DAEA2}.Debug|x86.Build.0 = Debug|Win32
		{F729213C-4541-46CF-8AE0-2359C24DAEA2}.Release|x64.ActiveCfg = Release|x64
		{F729213C-4541-46CF-8AE0-2359C24DAEA2}.Release|x64.Build.0 = Release|x64
		{F729213C-4541-46CF-8AE0-2359C24DAEA2}.Release|x86.ActiveCfg = Release|Win32
		{F729213C-4541-46CF-8AE0-2359C24DAEA2}.Release|x86.Build.0 = Release|Win32
	EndGlobalSection
	GlobalSection(SolutionProperties) = preSolution
		HideSolutionNode = FALSE
	EndGlobalSection
	GlobalSection(ExtensibilityGlobals) = postSolution
		SolutionGuid = {A5362DC5-0CFA-4224-BEBB-28C2D45E2DBF}
	EndGlobalSection
EndGlobal
